// !$*UTF8*$!
{
	archiveVersion = 1;
	classes = {
	};
	objectVersion = 50;
	objects = {

/* Begin PBXBuildFile section */
		EA71A5622992A01500FD6C2B /* AsyncGLAPI.h in Headers */ = {isa = PBXBuildFile; fileRef = EA71A56129929FED00FD6C2B /* AsyncGLAPI.h */; settings = {ATTRIBUTES = (Public, ); }; };
		EA7872F4296DB17F0099AB11 /* AsyncGLExecutor.h in Headers */ = {isa = PBXBuildFile; fileRef = EA7872F2296DB17F0099AB11 /* AsyncGLExecutor.h */; settings = {ATTRIBUTES = (Public, ); }; };
		EA7872F5296DB17F0099AB11 /* AsyncGLExecutor.m in Sources */ = {isa = PBXBuildFile; fileRef = EA7872F3296DB17F0099AB11 /* AsyncGLExecutor.m */; };
		EA7872F8296DB3600099AB11 /* AsyncGLExecutor+Private.h in Headers */ = {isa = PBXBuildFile; fileRef = EA7872F6296DB3600099AB11 /* AsyncGLExecutor+Private.h */; };
		EACF99D1265635790099CA86 /* AsyncGL.h in Headers */ = {isa = PBXBuildFile; fileRef = EACF99CF265635790099CA86 /* AsyncGL.h */; settings = {ATTRIBUTES = (Public, ); }; };
		EACF99DE265636020099CA86 /* AsyncGLViewController.h in Headers */ = {isa = PBXBuildFile; fileRef = EACF99D9265636020099CA86 /* AsyncGLViewController.h */; settings = {ATTRIBUTES = (Public, ); }; };
		EACF99DF265636020099CA86 /* AsyncGLView.h in Headers */ = {isa = PBXBuildFile; fileRef = EACF99DA265636020099CA86 /* AsyncGLView.h */; settings = {ATTRIBUTES = (Public, ); }; };
		EACF99E0265636020099CA86 /* AsyncGLView+Private.h in Headers */ = {isa = PBXBuildFile; fileRef = EACF99DB265636020099CA86 /* AsyncGLView+Private.h */; };
		EACF99E1265636020099CA86 /* AsyncGLView.m in Sources */ = {isa = PBXBuildFile; fileRef = EACF99DC265636020099CA86 /* AsyncGLView.m */; };
		EACF99E2265636020099CA86 /* AsyncGLViewController.m in Sources */ = {isa = PBXBuildFile; fileRef = EACF99DD265636020099CA86 /* AsyncGLViewController.m */; };
/* End PBXBuildFile section */

/* Begin PBXFileReference section */
		EA71A56129929FED00FD6C2B /* AsyncGLAPI.h */ = {isa = PBXFileReference; lastKnownFileType = sourcecode.c.h; path = AsyncGLAPI.h; sourceTree = "<group>"; };
		EA7872F2296DB17F0099AB11 /* AsyncGLExecutor.h */ = {isa = PBXFileReference; lastKnownFileType = sourcecode.c.h; path = AsyncGLExecutor.h; sourceTree = "<group>"; };
		EA7872F3296DB17F0099AB11 /* AsyncGLExecutor.m */ = {isa = PBXFileReference; lastKnownFileType = sourcecode.c.objc; path = AsyncGLExecutor.m; sourceTree = "<group>"; };
		EA7872F6296DB3600099AB11 /* AsyncGLExecutor+Private.h */ = {isa = PBXFileReference; lastKnownFileType = sourcecode.c.h; path = "AsyncGLExecutor+Private.h"; sourceTree = "<group>"; };
		EACF99CC265635790099CA86 /* AsyncGL.framework */ = {isa = PBXFileReference; explicitFileType = wrapper.framework; includeInIndex = 0; path = AsyncGL.framework; sourceTree = BUILT_PRODUCTS_DIR; };
		EACF99CF265635790099CA86 /* AsyncGL.h */ = {isa = PBXFileReference; lastKnownFileType = sourcecode.c.h; name = AsyncGL.h; path = ../Framework/AsyncGL.h; sourceTree = "<group>"; };
		EACF99D0265635790099CA86 /* Info.plist */ = {isa = PBXFileReference; lastKnownFileType = text.plist.xml; name = Info.plist; path = ../Framework/Info.plist; sourceTree = "<group>"; };
		EACF99D9265636020099CA86 /* AsyncGLViewController.h */ = {isa = PBXFileReference; fileEncoding = 4; lastKnownFileType = sourcecode.c.h; path = AsyncGLViewController.h; sourceTree = "<group>"; };
		EACF99DA265636020099CA86 /* AsyncGLView.h */ = {isa = PBXFileReference; fileEncoding = 4; lastKnownFileType = sourcecode.c.h; path = AsyncGLView.h; sourceTree = "<group>"; };
		EACF99DB265636020099CA86 /* AsyncGLView+Private.h */ = {isa = PBXFileReference; fileEncoding = 4; lastKnownFileType = sourcecode.c.h; path = "AsyncGLView+Private.h"; sourceTree = "<group>"; };
		EACF99DC265636020099CA86 /* AsyncGLView.m */ = {isa = PBXFileReference; fileEncoding = 4; lastKnownFileType = sourcecode.c.objc; path = AsyncGLView.m; sourceTree = "<group>"; };
		EACF99DD265636020099CA86 /* AsyncGLViewController.m */ = {isa = PBXFileReference; fileEncoding = 4; lastKnownFileType = sourcecode.c.objc; path = AsyncGLViewController.m; sourceTree = "<group>"; };
/* End PBXFileReference section */

/* Begin PBXFrameworksBuildPhase section */
		EACF99C9265635790099CA86 /* Frameworks */ = {
			isa = PBXFrameworksBuildPhase;
			buildActionMask = 2147483647;
			files = (
			);
			runOnlyForDeploymentPostprocessing = 0;
		};
/* End PBXFrameworksBuildPhase section */

/* Begin PBXGroup section */
		EACF99C2265635790099CA86 = {
			isa = PBXGroup;
			children = (
				EACF99CE265635790099CA86 /* AsyncGL */,
				EACF99CD265635790099CA86 /* Products */,
				EACF99E42656365E0099CA86 /* Frameworks */,
			);
			sourceTree = "<group>";
		};
		EACF99CD265635790099CA86 /* Products */ = {
			isa = PBXGroup;
			children = (
				EACF99CC265635790099CA86 /* AsyncGL.framework */,
			);
			name = Products;
			sourceTree = "<group>";
		};
		EACF99CE265635790099CA86 /* AsyncGL */ = {
			isa = PBXGroup;
			children = (
				EACF99CF265635790099CA86 /* AsyncGL.h */,
				EA71A56129929FED00FD6C2B /* AsyncGLAPI.h */,
				EA7872F2296DB17F0099AB11 /* AsyncGLExecutor.h */,
				EA7872F3296DB17F0099AB11 /* AsyncGLExecutor.m */,
				EA7872F6296DB3600099AB11 /* AsyncGLExecutor+Private.h */,
				EACF99DA265636020099CA86 /* AsyncGLView.h */,
				EACF99DC265636020099CA86 /* AsyncGLView.m */,
				EACF99DB265636020099CA86 /* AsyncGLView+Private.h */,
				EACF99D9265636020099CA86 /* AsyncGLViewController.h */,
				EACF99DD265636020099CA86 /* AsyncGLViewController.m */,
				EACF99D0265635790099CA86 /* Info.plist */,
			);
			path = AsyncGL;
			sourceTree = "<group>";
		};
		EACF99E42656365E0099CA86 /* Frameworks */ = {
			isa = PBXGroup;
			children = (
			);
			name = Frameworks;
			sourceTree = "<group>";
		};
/* End PBXGroup section */

/* Begin PBXHeadersBuildPhase section */
		EACF99C7265635790099CA86 /* Headers */ = {
			isa = PBXHeadersBuildPhase;
			buildActionMask = 2147483647;
			files = (
				EA71A5622992A01500FD6C2B /* AsyncGLAPI.h in Headers */,
				EACF99DF265636020099CA86 /* AsyncGLView.h in Headers */,
				EACF99DE265636020099CA86 /* AsyncGLViewController.h in Headers */,
				EA7872F4296DB17F0099AB11 /* AsyncGLExecutor.h in Headers */,
				EA7872F8296DB3600099AB11 /* AsyncGLExecutor+Private.h in Headers */,
				EACF99E0265636020099CA86 /* AsyncGLView+Private.h in Headers */,
				EACF99D1265635790099CA86 /* AsyncGL.h in Headers */,
			);
			runOnlyForDeploymentPostprocessing = 0;
		};
/* End PBXHeadersBuildPhase section */

/* Begin PBXNativeTarget section */
		EACF99CB265635790099CA86 /* AsyncGL */ = {
			isa = PBXNativeTarget;
			buildConfigurationList = EACF99D4265635790099CA86 /* Build configuration list for PBXNativeTarget "AsyncGL" */;
			buildPhases = (
				EACF99C7265635790099CA86 /* Headers */,
				EACF99C8265635790099CA86 /* Sources */,
				EACF99C9265635790099CA86 /* Frameworks */,
				EACF99CA265635790099CA86 /* Resources */,
			);
			buildRules = (
			);
			dependencies = (
			);
			name = AsyncGL;
			productName = AsyncGL;
			productReference = EACF99CC265635790099CA86 /* AsyncGL.framework */;
			productType = "com.apple.product-type.framework";
		};
/* End PBXNativeTarget section */

/* Begin PBXProject section */
		EACF99C3265635790099CA86 /* Project object */ = {
			isa = PBXProject;
			attributes = {
				LastUpgradeCheck = 1240;
				TargetAttributes = {
					EACF99CB265635790099CA86 = {
						CreatedOnToolsVersion = 12.4;
					};
				};
			};
			buildConfigurationList = EACF99C6265635790099CA86 /* Build configuration list for PBXProject "AsyncGL" */;
			compatibilityVersion = "Xcode 9.3";
			developmentRegion = en;
			hasScannedForEncodings = 0;
			knownRegions = (
				en,
				Base,
			);
			mainGroup = EACF99C2265635790099CA86;
			productRefGroup = EACF99CD265635790099CA86 /* Products */;
			projectDirPath = "";
			projectRoot = "";
			targets = (
				EACF99CB265635790099CA86 /* AsyncGL */,
			);
		};
/* End PBXProject section */

/* Begin PBXResourcesBuildPhase section */
		EACF99CA265635790099CA86 /* Resources */ = {
			isa = PBXResourcesBuildPhase;
			buildActionMask = 2147483647;
			files = (
			);
			runOnlyForDeploymentPostprocessing = 0;
		};
/* End PBXResourcesBuildPhase section */

/* Begin PBXSourcesBuildPhase section */
		EACF99C8265635790099CA86 /* Sources */ = {
			isa = PBXSourcesBuildPhase;
			buildActionMask = 2147483647;
			files = (
				EACF99E2265636020099CA86 /* AsyncGLViewController.m in Sources */,
				EA7872F5296DB17F0099AB11 /* AsyncGLExecutor.m in Sources */,
				EACF99E1265636020099CA86 /* AsyncGLView.m in Sources */,
			);
			runOnlyForDeploymentPostprocessing = 0;
		};
/* End PBXSourcesBuildPhase section */

/* Begin XCBuildConfiguration section */
		EACF99D2265635790099CA86 /* Debug */ = {
			isa = XCBuildConfiguration;
			buildSettings = {
				ALWAYS_SEARCH_USER_PATHS = NO;
				CLANG_ANALYZER_NONNULL = YES;
				CLANG_ANALYZER_NUMBER_OBJECT_CONVERSION = YES_AGGRESSIVE;
				CLANG_CXX_LANGUAGE_STANDARD = "gnu++14";
				CLANG_CXX_LIBRARY = "libc++";
				CLANG_ENABLE_MODULES = YES;
				CLANG_ENABLE_OBJC_ARC = YES;
				CLANG_ENABLE_OBJC_WEAK = YES;
				CLANG_WARN_BLOCK_CAPTURE_AUTORELEASING = YES;
				CLANG_WARN_BOOL_CONVERSION = YES;
				CLANG_WARN_COMMA = YES;
				CLANG_WARN_CONSTANT_CONVERSION = YES;
				CLANG_WARN_DEPRECATED_OBJC_IMPLEMENTATIONS = YES;
				CLANG_WARN_DIRECT_OBJC_ISA_USAGE = YES_ERROR;
				CLANG_WARN_DOCUMENTATION_COMMENTS = YES;
				CLANG_WARN_EMPTY_BODY = YES;
				CLANG_WARN_ENUM_CONVERSION = YES;
				CLANG_WARN_INFINITE_RECURSION = YES;
				CLANG_WARN_INT_CONVERSION = YES;
				CLANG_WARN_NON_LITERAL_NULL_CONVERSION = YES;
				CLANG_WARN_OBJC_IMPLICIT_RETAIN_SELF = YES;
				CLANG_WARN_OBJC_LITERAL_CONVERSION = YES;
				CLANG_WARN_OBJC_ROOT_CLASS = YES_ERROR;
				CLANG_WARN_QUOTED_INCLUDE_IN_FRAMEWORK_HEADER = YES;
				CLANG_WARN_RANGE_LOOP_ANALYSIS = YES;
				CLANG_WARN_STRICT_PROTOTYPES = YES;
				CLANG_WARN_SUSPICIOUS_MOVE = YES;
				CLANG_WARN_UNGUARDED_AVAILABILITY = YES_AGGRESSIVE;
				CLANG_WARN_UNREACHABLE_CODE = YES;
				CLANG_WARN__DUPLICATE_METHOD_MATCH = YES;
				COPY_PHASE_STRIP = NO;
				CURRENT_PROJECT_VERSION = 1;
				DEBUG_INFORMATION_FORMAT = dwarf;
				ENABLE_STRICT_OBJC_MSGSEND = YES;
				ENABLE_TESTABILITY = YES;
				GCC_C_LANGUAGE_STANDARD = gnu11;
				GCC_DYNAMIC_NO_PIC = NO;
				GCC_NO_COMMON_BLOCKS = YES;
				GCC_OPTIMIZATION_LEVEL = 0;
				GCC_PREPROCESSOR_DEFINITIONS = (
					"DEBUG=1",
					"$(inherited)",
				);
				GCC_WARN_64_TO_32_BIT_CONVERSION = YES;
				GCC_WARN_ABOUT_RETURN_TYPE = YES_ERROR;
				GCC_WARN_UNDECLARED_SELECTOR = YES;
				GCC_WARN_UNINITIALIZED_AUTOS = YES_AGGRESSIVE;
				GCC_WARN_UNUSED_FUNCTION = YES;
				GCC_WARN_UNUSED_VARIABLE = YES;
				IPHONEOS_DEPLOYMENT_TARGET = 11.0;
				"IPHONEOS_DEPLOYMENT_TARGET[sdk=macosx*]" = 13.0;
				MACOSX_DEPLOYMENT_TARGET = 10.12;
				MTL_ENABLE_DEBUG_INFO = INCLUDE_SOURCE;
				MTL_FAST_MATH = YES;
				ONLY_ACTIVE_ARCH = YES;
				SDKROOT = iphoneos;
				TARGETED_DEVICE_FAMILY = "1,2,6";
				VERSIONING_SYSTEM = "apple-generic";
				VERSION_INFO_PREFIX = "";
			};
			name = Debug;
		};
		EACF99D3265635790099CA86 /* Release */ = {
			isa = XCBuildConfiguration;
			buildSettings = {
				ALWAYS_SEARCH_USER_PATHS = NO;
				CLANG_ANALYZER_NONNULL = YES;
				CLANG_ANALYZER_NUMBER_OBJECT_CONVERSION = YES_AGGRESSIVE;
				CLANG_CXX_LANGUAGE_STANDARD = "gnu++14";
				CLANG_CXX_LIBRARY = "libc++";
				CLANG_ENABLE_MODULES = YES;
				CLANG_ENABLE_OBJC_ARC = YES;
				CLANG_ENABLE_OBJC_WEAK = YES;
				CLANG_WARN_BLOCK_CAPTURE_AUTORELEASING = YES;
				CLANG_WARN_BOOL_CONVERSION = YES;
				CLANG_WARN_COMMA = YES;
				CLANG_WARN_CONSTANT_CONVERSION = YES;
				CLANG_WARN_DEPRECATED_OBJC_IMPLEMENTATIONS = YES;
				CLANG_WARN_DIRECT_OBJC_ISA_USAGE = YES_ERROR;
				CLANG_WARN_DOCUMENTATION_COMMENTS = YES;
				CLANG_WARN_EMPTY_BODY = YES;
				CLANG_WARN_ENUM_CONVERSION = YES;
				CLANG_WARN_INFINITE_RECURSION = YES;
				CLANG_WARN_INT_CONVERSION = YES;
				CLANG_WARN_NON_LITERAL_NULL_CONVERSION = YES;
				CLANG_WARN_OBJC_IMPLICIT_RETAIN_SELF = YES;
				CLANG_WARN_OBJC_LITERAL_CONVERSION = YES;
				CLANG_WARN_OBJC_ROOT_CLASS = YES_ERROR;
				CLANG_WARN_QUOTED_INCLUDE_IN_FRAMEWORK_HEADER = YES;
				CLANG_WARN_RANGE_LOOP_ANALYSIS = YES;
				CLANG_WARN_STRICT_PROTOTYPES = YES;
				CLANG_WARN_SUSPICIOUS_MOVE = YES;
				CLANG_WARN_UNGUARDED_AVAILABILITY = YES_AGGRESSIVE;
				CLANG_WARN_UNREACHABLE_CODE = YES;
				CLANG_WARN__DUPLICATE_METHOD_MATCH = YES;
				COPY_PHASE_STRIP = NO;
				CURRENT_PROJECT_VERSION = 1;
				DEBUG_INFORMATION_FORMAT = "dwarf-with-dsym";
				ENABLE_NS_ASSERTIONS = NO;
				ENABLE_STRICT_OBJC_MSGSEND = YES;
				GCC_C_LANGUAGE_STANDARD = gnu11;
				GCC_NO_COMMON_BLOCKS = YES;
				GCC_WARN_64_TO_32_BIT_CONVERSION = YES;
				GCC_WARN_ABOUT_RETURN_TYPE = YES_ERROR;
				GCC_WARN_UNDECLARED_SELECTOR = YES;
				GCC_WARN_UNINITIALIZED_AUTOS = YES_AGGRESSIVE;
				GCC_WARN_UNUSED_FUNCTION = YES;
				GCC_WARN_UNUSED_VARIABLE = YES;
				IPHONEOS_DEPLOYMENT_TARGET = 11.0;
				"IPHONEOS_DEPLOYMENT_TARGET[sdk=macosx*]" = 13.0;
				MACOSX_DEPLOYMENT_TARGET = 10.12;
				MTL_ENABLE_DEBUG_INFO = NO;
				MTL_FAST_MATH = YES;
				SDKROOT = iphoneos;
				TARGETED_DEVICE_FAMILY = "1,2,6";
				VALIDATE_PRODUCT = YES;
				VERSIONING_SYSTEM = "apple-generic";
				VERSION_INFO_PREFIX = "";
			};
			name = Release;
		};
		EACF99D5265635790099CA86 /* Debug */ = {
			isa = XCBuildConfiguration;
			buildSettings = {
				CODE_SIGN_STYLE = Automatic;
				DEFINES_MODULE = YES;
				DEVELOPMENT_TEAM = 22NR5428TD;
				DYLIB_COMPATIBILITY_VERSION = 1;
				DYLIB_CURRENT_VERSION = 1;
				DYLIB_INSTALL_NAME_BASE = "@rpath";
				GCC_PREPROCESSOR_DEFINITIONS = (
					"$(inherited)",
					GL_SILENCE_DEPRECATION,
				);
				HEADER_SEARCH_PATHS = "$(PROJECT_DIR)/GL";
				INFOPLIST_FILE = Framework/Info.plist;
				INSTALL_PATH = "$(LOCAL_LIBRARY_DIR)/Frameworks";
				LD_RUNPATH_SEARCH_PATHS = (
					"$(inherited)",
					"@executable_path/Frameworks",
					"@loader_path/Frameworks",
				);
				MACH_O_TYPE = staticlib;
				PRODUCT_BUNDLE_IDENTIFIER = space.celestia.AsyncGL;
				PRODUCT_NAME = "$(TARGET_NAME:c99extidentifier)";
				SKIP_INSTALL = YES;
				SUPPORTED_PLATFORMS = "iphonesimulator iphoneos macosx";
			};
			name = Debug;
		};
		EACF99D6265635790099CA86 /* Release */ = {
			isa = XCBuildConfiguration;
			buildSettings = {
				CODE_SIGN_STYLE = Automatic;
				DEFINES_MODULE = YES;
				DEVELOPMENT_TEAM = 22NR5428TD;
				DYLIB_COMPATIBILITY_VERSION = 1;
				DYLIB_CURRENT_VERSION = 1;
				DYLIB_INSTALL_NAME_BASE = "@rpath";
				GCC_PREPROCESSOR_DEFINITIONS = (
					"$(inherited)",
					GL_SILENCE_DEPRECATION,
				);
				HEADER_SEARCH_PATHS = "$(PROJECT_DIR)/GL";
				INFOPLIST_FILE = Framework/Info.plist;
				INSTALL_PATH = "$(LOCAL_LIBRARY_DIR)/Frameworks";
				LD_RUNPATH_SEARCH_PATHS = (
					"$(inherited)",
					"@executable_path/Frameworks",
					"@loader_path/Frameworks",
				);
				MACH_O_TYPE = staticlib;
				PRODUCT_BUNDLE_IDENTIFIER = space.celestia.AsyncGL;
				PRODUCT_NAME = "$(TARGET_NAME:c99extidentifier)";
				SKIP_INSTALL = YES;
				SUPPORTED_PLATFORMS = "iphonesimulator iphoneos macosx";
			};
			name = Release;
		};
/* End XCBuildConfiguration section */

/* Begin XCConfigurationList section */
		EACF99C6265635790099CA86 /* Build configuration list for PBXProject "AsyncGL" */ = {
			isa = XCConfigurationList;
			buildConfigurations = (
				EACF99D2265635790099CA86 /* Debug */,
				EACF99D3265635790099CA86 /* Release */,
			);
			defaultConfigurationIsVisible = 0;
			defaultConfigurationName = Release;
		};
		EACF99D4265635790099CA86 /* Build configuration list for PBXNativeTarget "AsyncGL" */ = {
			isa = XCConfigurationList;
			buildConfigurations = (
				EACF99D5265635790099CA86 /* Debug */,
				EACF99D6265635790099CA86 /* Release */,
			);
			defaultConfigurationIsVisible = 0;
			defaultConfigurationName = Release;
		};
/* End XCConfigurationList section */
	};
	rootObject = EACF99C3265635790099CA86 /* Project object */;
}
